
Microsoft Visual Studio Solution File, Format Version 12.00
# Visual Studio 15
Project("{FAE04EC0-301F-11D3-BF4B-00C04F79EFBC}") = "Assembly-CSharp-firstpass", "Assembly-CSharp-firstpass.csproj", "{EB3202CB-BF41-C0FC-554E-A304D847EA19}"
EndProject
Project("{FAE04EC0-301F-11D3-BF4B-00C04F79EFBC}") = "Assembly-CSharp", "Assembly-CSharp.csproj", "{C0E6675D-9DAD-DE15-5F37-010AA149C82F}"
EndProject
Project("{FAE04EC0-301F-11D3-BF4B-00C04F79EFBC}") = "SamplesScripts", "SamplesScripts.csproj", "{ED087F9D-AB29-BA90-C864-821468D79998}"
EndProject
Project("{FAE04EC0-301F-11D3-BF4B-00C04F79EFBC}") = "CommonScripts", "CommonScripts.csproj", "{F4569BF6-F3B9-483E-9DA9-EF895887E55E}"
EndProject
Project("{FAE04EC0-301F-11D3-BF4B-00C04F79EFBC}") = "VuforiaScripts", "VuforiaScripts.csproj", "{DF4E8376-BA18-CE60-D962-10A69EACDA25}"
EndProject
Project("{FAE04EC0-301F-11D3-BF4B-00C04F79EFBC}") = "CommonEditor", "CommonEditor.csproj", "{03E6CE96-70FF-3A12-8E98-64231FCEAFE4}"
EndProject
Project("{FAE04EC0-301F-11D3-BF4B-00C04F79EFBC}") = "Assembly-CSharp-Editor-firstpass", "Assembly-CSharp-Editor-firstpass.csproj", "{29E0364B-9A87-855A-A222-2AD68CFF888B}"
EndProject
Project("{FAE04EC0-301F-11D3-BF4B-00C04F79EFBC}") = "EditorMigrationScripts", "EditorMigrationScripts.csproj", "{12FA30A2-1D52-1225-EE07-BAE49325818B}"
EndProject
Project("{FAE04EC0-301F-11D3-BF4B-00C04F79EFBC}") = "VuforiaVersionCheckerScripts", "VuforiaVersionCheckerScripts.csproj", "{5C31C9A4-8F29-C5E5-2CFF-D6904D922288}"
EndProject
Project("{FAE04EC0-301F-11D3-BF4B-00C04F79EFBC}") = "SampleEditor", "SampleEditor.csproj", "{BD2FD255-DE78-44A7-99A0-44548323A663}"
EndProject
Project("{FAE04EC0-301F-11D3-BF4B-00C04F79EFBC}") = "VuforiaPackageTests", "VuforiaPackageTests.csproj", "{907A4FB7-021B-4751-B142-A1475A49C2B7}"
EndProject
Project("{FAE04EC0-301F-11D3-BF4B-00C04F79EFBC}") = "VuforiaEditorScripts", "VuforiaEditorScripts.csproj", "{879533E6-6993-1221-F95C-D6F4CF2F7B02}"
EndProject
Global
	GlobalSection(SolutionConfigurationPlatforms) = preSolution
		Debug|Any CPU = Debug|Any CPU
		Release|Any CPU = Release|Any CPU
	EndGlobalSection
	GlobalSection(ProjectConfigurationPlatforms) = postSolution
		{EB3202CB-BF41-C0FC-554E-A304D847EA19}.Debug|Any CPU.ActiveCfg = Debug|Any CPU
		{EB3202CB-BF41-C0FC-554E-A304D847EA19}.Debug|Any CPU.Build.0 = Debug|Any CPU
		{EB3202CB-BF41-C0FC-554E-A304D847EA19}.Release|Any CPU.ActiveCfg = Release|Any CPU
		{EB3202CB-BF41-C0FC-554E-A304D847EA19}.Release|Any CPU.Build.0 = Release|Any CPU
		{C0E6675D-9DAD-DE15-5F37-010AA149C82F}.Debug|Any CPU.ActiveCfg = Debug|Any CPU
		{C0E6675D-9DAD-DE15-5F37-010AA149C82F}.Debug|Any CPU.Build.0 = Debug|Any CPU
		{C0E6675D-9DAD-DE15-5F37-010AA149C82F}.Release|Any CPU.ActiveCfg = Release|Any CPU
		{C0E6675D-9DAD-DE15-5F37-010AA149C82F}.Release|Any CPU.Build.0 = Release|Any CPU
		{ED087F9D-AB29-BA90-C864-821468D79998}.Debug|Any CPU.ActiveCfg = Debug|Any CPU
		{ED087F9D-AB29-BA90-C864-821468D79998}.Debug|Any CPU.Build.0 = Debug|Any CPU
		{ED087F9D-AB29-BA90-C864-821468D79998}.Release|Any CPU.ActiveCfg = Release|Any CPU
		{ED087F9D-AB29-BA90-C864-821468D79998}.Release|Any CPU.Build.0 = Release|Any CPU
		{F4569BF6-F3B9-483E-9DA9-EF895887E55E}.Debug|Any CPU.ActiveCfg = Debug|Any CPU
		{F4569BF6-F3B9-483E-9DA9-EF895887E55E}.Debug|Any CPU.Build.0 = Debug|Any CPU
		{F4569BF6-F3B9-483E-9DA9-EF895887E55E}.Release|Any CPU.ActiveCfg = Release|Any CPU
		{F4569BF6-F3B9-483E-9DA9-EF895887E55E}.Release|Any CPU.Build.0 = Release|Any CPU
		{DF4E8376-BA18-CE60-D962-10A69EACDA25}.Debug|Any CPU.ActiveCfg = Debug|Any CPU
		{DF4E8376-BA18-CE60-D962-10A69EACDA25}.Debug|Any CPU.Build.0 = Debug|Any CPU
		{DF4E8376-BA18-CE60-D962-10A69EACDA25}.Release|Any CPU.ActiveCfg = Release|Any CPU
		{DF4E8376-BA18-CE60-D962-10A69EACDA25}.Release|Any CPU.Build.0 = Release|Any CPU
		{03E6CE96-70FF-3A12-8E98-64231FCEAFE4}.Debug|Any CPU.ActiveCfg = Debug|Any CPU
		{03E6CE96-70FF-3A12-8E98-64231FCEAFE4}.Debug|Any CPU.Build.0 = Debug|Any CPU
		{03E6CE96-70FF-3A12-8E98-64231FCEAFE4}.Release|Any CPU.ActiveCfg = Release|Any CPU
		{03E6CE96-70FF-3A12-8E98-64231FCEAFE4}.Release|Any CPU.Build.0 = Release|Any CPU
		{29E0364B-9A87-855A-A222-2AD68CFF888B}.Debug|Any CPU.ActiveCfg = Debug|Any CPU
		{29E0364B-9A87-855A-A222-2AD68CFF888B}.Debug|Any CPU.Build.0 = Debug|Any CPU
		{29E0364B-9A87-855A-A222-2AD68CFF888B}.Release|Any CPU.ActiveCfg = Release|Any CPU
		{29E0364B-9A87-855A-A222-2AD68CFF888B}.Release|Any CPU.Build.0 = Release|Any CPU
		{12FA30A2-1D52-1225-EE07-BAE49325818B}.Debug|Any CPU.ActiveCfg = Debug|Any CPU
		{12FA30A2-1D52-1225-EE07-BAE49325818B}.Debug|Any CPU.Build.0 = Debug|Any CPU
		{12FA30A2-1D52-1225-EE07-BAE49325818B}.Release|Any CPU.ActiveCfg = Release|Any CPU
		{12FA30A2-1D52-1225-EE07-BAE49325818B}.Release|Any CPU.Build.0 = Release|Any CPU
		{5C31C9A4-8F29-C5E5-2CFF-D6904D922288}.Debug|Any CPU.ActiveCfg = Debug|Any CPU
		{5C31C9A4-8F29-C5E5-2CFF-D6904D922288}.Debug|Any CPU.Build.0 = Debug|Any CPU
		{5C31C9A4-8F29-C5E5-2CFF-D6904D922288}.Release|Any CPU.ActiveCfg = Release|Any CPU
		{5C31C9A4-8F29-C5E5-2CFF-D6904D922288}.Release|Any CPU.Build.0 = Release|Any CPU
		{BD2FD255-DE78-44A7-99A0-44548323A663}.Debug|Any CPU.ActiveCfg = Debug|Any CPU
		{BD2FD255-DE78-44A7-99A0-44548323A663}.Debug|Any CPU.Build.0 = Debug|Any CPU
		{BD2FD255-DE78-44A7-99A0-44548323A663}.Release|Any CPU.ActiveCfg = Release|Any CPU
		{BD2FD255-DE78-44A7-99A0-44548323A663}.Release|Any CPU.Build.0 = Release|Any CPU
		{907A4FB7-021B-4751-B142-A1475A49C2B7}.Debug|Any CPU.ActiveCfg = Debug|Any CPU
		{907A4FB7-021B-4751-B142-A1475A49C2B7}.Debug|Any CPU.Build.0 = Debug|Any CPU
		{907A4FB7-021B-4751-B142-A1475A49C2B7}.Release|Any CPU.ActiveCfg = Release|Any CPU
		{907A4FB7-021B-4751-B142-A1475A49C2B7}.Release|Any CPU.Build.0 = Release|Any CPU
		{879533E6-6993-1221-F95C-D6F4CF2F7B02}.Debug|Any CPU.ActiveCfg = Debug|Any CPU
		{879533E6-6993-1221-F95C-D6F4CF2F7B02}.Debug|Any CPU.Build.0 = Debug|Any CPU
		{879533E6-6993-1221-F95C-D6F4CF2F7B02}.Release|Any CPU.ActiveCfg = Release|Any CPU
		{879533E6-6993-1221-F95C-D6F4CF2F7B02}.Release|Any CPU.Build.0 = Release|Any CPU
	EndGlobalSection
	GlobalSection(SolutionProperties) = preSolution
		HideSolutionNode = FALSE
	EndGlobalSection
EndGlobal
